
Microsoft Visual Studio Solution File, Format Version 12.00
# Visual Studio Version 16
VisualStudioVersion = 16.0.31424.327
MinimumVisualStudioVersion = 10.0.40219.1
Project("{FAE04EC0-301F-11D3-BF4B-00C04F79EFBC}") = "UnitConverter.Console", "UnitConverter\UnitConverter.Console.csproj", "{03394755-0788-4285-9D98-E9A5E6128A47}"
EndProject
Project("{FAE04EC0-301F-11D3-BF4B-00C04F79EFBC}") = "UnitConverter.ApplicationCore", "UnitConverter.ApplicationCore\UnitConverter.ApplicationCore.csproj", "{445A430D-67ED-41C1-B27D-E82846DFF850}"
EndProject
Project("{FAE04EC0-301F-11D3-BF4B-00C04F79EFBC}") = "SimpleDependencyProvider", "DependencyProvider\SimpleDependencyProvider.csproj", "{0CC7B14A-888F-497C-A027-1ED9D3E780E1}"
EndProject
Project("{FAE04EC0-301F-11D3-BF4B-00C04F79EFBC}") = "UnitConverter.WPF", "UnitConverter.WPF\UnitConverter.WPF.csproj", "{5146AED1-B878-486A-9AAE-DD9B51CC7144}"
EndProject
Project("{FAE04EC0-301F-11D3-BF4B-00C04F79EFBC}") = "UnitConverter.Infrastructure", "UnitConverter.Infrastructure\UnitConverter.Infrastructure.csproj", "{1A9E79C2-2F83-4CA8-86F3-C8CFA396DD77}"
EndProject
Global
	GlobalSection(SolutionConfigurationPlatforms) = preSolution
		Debug|Any CPU = Debug|Any CPU
		Release|Any CPU = Release|Any CPU
	EndGlobalSection
	GlobalSection(ProjectConfigurationPlatforms) = postSolution
		{03394755-0788-4285-9D98-E9A5E6128A47}.Debug|Any CPU.ActiveCfg = Debug|Any CPU
		{03394755-0788-4285-9D98-E9A5E6128A47}.Debug|Any CPU.Build.0 = Debug|Any CPU
		{03394755-0788-4285-9D98-E9A5E6128A47}.Release|Any CPU.ActiveCfg = Release|Any CPU
		{03394755-0788-4285-9D98-E9A5E6128A47}.Release|Any CPU.Build.0 = Release|Any CPU
		{445A430D-67ED-41C1-B27D-E82846DFF850}.Debug|Any CPU.ActiveCfg = Debug|Any CPU
		{445A430D-67ED-41C1-B27D-E82846DFF850}.Debug|Any CPU.Build.0 = Debug|Any CPU
		{445A430D-67ED-41C1-B27D-E82846DFF850}.Release|Any CPU.ActiveCfg = Release|Any CPU
		{445A430D-67ED-41C1-B27D-E82846DFF850}.Release|Any CPU.Build.0 = Release|Any CPU
		{0CC7B14A-888F-497C-A027-1ED9D3E780E1}.Debug|Any CPU.ActiveCfg = Debug|Any CPU
		{0CC7B14A-888F-497C-A027-1ED9D3E780E1}.Debug|Any CPU.Build.0 = Debug|Any CPU
		{0CC7B14A-888F-497C-A027-1ED9D3E780E1}.Release|Any CPU.ActiveCfg = Release|Any CPU
		{0CC7B14A-888F-497C-A027-1ED9D3E780E1}.Release|Any CPU.Build.0 = Release|Any CPU
		{5146AED1-B878-486A-9AAE-DD9B51CC7144}.Debug|Any CPU.ActiveCfg = Debug|Any CPU
		{5146AED1-B878-486A-9AAE-DD9B51CC7144}.Debug|Any CPU.Build.0 = Debug|Any CPU
		{5146AED1-B878-486A-9AAE-DD9B51CC7144}.Release|Any CPU.ActiveCfg = Release|Any CPU
		{5146AED1-B878-486A-9AAE-DD9B51CC7144}.Release|Any CPU.Build.0 = Release|Any CPU
		{1A9E79C2-2F83-4CA8-86F3-C8CFA396DD77}.Debug|Any CPU.ActiveCfg = Debug|Any CPU
		{1A9E79C2-2F83-4CA8-86F3-C8CFA396DD77}.Debug|Any CPU.Build.0 = Debug|Any CPU
		{1A9E79C2-2F83-4CA8-86F3-C8CFA396DD77}.Release|Any CPU.ActiveCfg = Release|Any CPU
		{1A9E79C2-2F83-4CA8-86F3-C8CFA396DD77}.Release|Any CPU.Build.0 = Release|Any CPU
	EndGlobalSection
	GlobalSection(SolutionProperties) = preSolution
		HideSolutionNode = FALSE
	EndGlobalSection
	GlobalSection(ExtensibilityGlobals) = postSolution
		SolutionGuid = {68CD0D44-8B35-488D-97FE-69BC27843113}
	EndGlobalSection
EndGlobal
